// !$*UTF8*$!
{
	archiveVersion = 1;
	classes = {
	};
	objectVersion = 46;
	objects = {

/* Begin PBXBuildFile section */
		89F8CE3A1C79628F00011DD6 /* AppDelegate.swift in Sources */ = {isa = PBXBuildFile; fileRef = 89F8CE391C79628F00011DD6 /* AppDelegate.swift */; };
		89F8CE3C1C79628F00011DD6 /* ViewController.swift in Sources */ = {isa = PBXBuildFile; fileRef = 89F8CE3B1C79628F00011DD6 /* ViewController.swift */; };
		89F8CE3F1C79628F00011DD6 /* Main.storyboard in Resources */ = {isa = PBXBuildFile; fileRef = 89F8CE3D1C79628F00011DD6 /* Main.storyboard */; };
		89F8CE411C79628F00011DD6 /* Assets.xcassets in Resources */ = {isa = PBXBuildFile; fileRef = 89F8CE401C79628F00011DD6 /* Assets.xcassets */; };
		89F8CE441C79628F00011DD6 /* LaunchScreen.storyboard in Resources */ = {isa = PBXBuildFile; fileRef = 89F8CE421C79628F00011DD6 /* LaunchScreen.storyboard */; };
		89F8CE4F1C79628F00011DD6 /* BlackjackCardTests.swift in Sources */ = {isa = PBXBuildFile; fileRef = 89F8CE4E1C79628F00011DD6 /* BlackjackCardTests.swift */; };
		89F8CE5A1C79628F00011DD6 /* BlackjackCardUITests.swift in Sources */ = {isa = PBXBuildFile; fileRef = 89F8CE591C79628F00011DD6 /* BlackjackCardUITests.swift */; };
/* End PBXBuildFile section */

/* Begin PBXContainerItemProxy section */
		89F8CE4B1C79628F00011DD6 /* PBXContainerItemProxy */ = {
			isa = PBXContainerItemProxy;
			containerPortal = 89F8CE2E1C79628F00011DD6 /* Project object */;
			proxyType = 1;
			remoteGlobalIDString = 89F8CE351C79628F00011DD6;
			remoteInfo = BlackjackCard;
		};
		89F8CE561C79628F00011DD6 /* PBXContainerItemProxy */ = {
			isa = PBXContainerItemProxy;
			containerPortal = 89F8CE2E1C79628F00011DD6 /* Project object */;
			proxyType = 1;
			remoteGlobalIDString = 89F8CE351C79628F00011DD6;
			remoteInfo = BlackjackCard;
		};
/* End PBXContainerItemProxy section */

/* Begin PBXFileReference section */
		89F8CE361C79628F00011DD6 /* BlackjackCard.app */ = {isa = PBXFileReference; explicitFileType = wrapper.application; includeInIndex = 0; path = BlackjackCard.app; sourceTree = BUILT_PRODUCTS_DIR; };
		89F8CE391C79628F00011DD6 /* AppDelegate.swift */ = {isa = PBXFileReference; lastKnownFileType = sourcecode.swift; path = AppDelegate.swift; sourceTree = "<group>"; };
		89F8CE3B1C79628F00011DD6 /* ViewController.swift */ = {isa = PBXFileReference; lastKnownFileType = sourcecode.swift; path = ViewController.swift; sourceTree = "<group>"; };
		89F8CE3E1C79628F00011DD6 /* Base */ = {isa = PBXFileReference; lastKnownFileType = file.storyboard; name = Base; path = Base.lproj/Main.storyboard; sourceTree = "<group>"; };
		89F8CE401C79628F00011DD6 /* Assets.xcassets */ = {isa = PBXFileReference; lastKnownFileType = folder.assetcatalog; path = Assets.xcassets; sourceTree = "<group>"; };
		89F8CE431C79628F00011DD6 /* Base */ = {isa = PBXFileReference; lastKnownFileType = file.storyboard; name = Base; path = Base.lproj/LaunchScreen.storyboard; sourceTree = "<group>"; };
		89F8CE451C79628F00011DD6 /* Info.plist */ = {isa = PBXFileReference; lastKnownFileType = text.plist.xml; path = Info.plist; sourceTree = "<group>"; };
		89F8CE4A1C79628F00011DD6 /* BlackjackCardTests.xctest */ = {isa = PBXFileReference; explicitFileType = wrapper.cfbundle; includeInIndex = 0; path = BlackjackCardTests.xctest; sourceTree = BUILT_PRODUCTS_DIR; };
		89F8CE4E1C79628F00011DD6 /* BlackjackCardTests.swift */ = {isa = PBXFileReference; lastKnownFileType = sourcecode.swift; path = BlackjackCardTests.swift; sourceTree = "<group>"; };
		89F8CE501C79628F00011DD6 /* Info.plist */ = {isa = PBXFileReference; lastKnownFileType = text.plist.xml; path = Info.plist; sourceTree = "<group>"; };
		89F8CE551C79628F00011DD6 /* BlackjackCardUITests.xctest */ = {isa = PBXFileReference; explicitFileType = wrapper.cfbundle; includeInIndex = 0; path = BlackjackCardUITests.xctest; sourceTree = BUILT_PRODUCTS_DIR; };
		89F8CE591C79628F00011DD6 /* BlackjackCardUITests.swift */ = {isa = PBXFileReference; lastKnownFileType = sourcecode.swift; path = BlackjackCardUITests.swift; sourceTree = "<group>"; };
		89F8CE5B1C79628F00011DD6 /* Info.plist */ = {isa = PBXFileReference; lastKnownFileType = text.plist.xml; path = Info.plist; sourceTree = "<group>"; };
/* End PBXFileReference section */

/* Begin PBXFrameworksBuildPhase section */
		89F8CE331C79628F00011DD6 /* Frameworks */ = {
			isa = PBXFrameworksBuildPhase;
			buildActionMask = 2147483647;
			files = (
			);
			runOnlyForDeploymentPostprocessing = 0;
		};
		89F8CE471C79628F00011DD6 /* Frameworks */ = {
			isa = PBXFrameworksBuildPhase;
			buildActionMask = 2147483647;
			files = (
			);
			runOnlyForDeploymentPostprocessing = 0;
		};
		89F8CE521C79628F00011DD6 /* Frameworks */ = {
			isa = PBXFrameworksBuildPhase;
			buildActionMask = 2147483647;
			files = (
			);
			runOnlyForDeploymentPostprocessing = 0;
		};
/* End PBXFrameworksBuildPhase section */

/* Begin PBXGroup section */
		89F8CE2D1C79628F00011DD6 = {
			isa = PBXGroup;
			children = (
				89F8CE381C79628F00011DD6 /* BlackjackCard */,
				89F8CE4D1C79628F00011DD6 /* BlackjackCardTests */,
				89F8CE581C79628F00011DD6 /* BlackjackCardUITests */,
				89F8CE371C79628F00011DD6 /* Products */,
			);
			sourceTree = "<group>";
		};
		89F8CE371C79628F00011DD6 /* Products */ = {
			isa = PBXGroup;
			children = (
				89F8CE361C79628F00011DD6 /* BlackjackCard.app */,
				89F8CE4A1C79628F00011DD6 /* BlackjackCardTests.xctest */,
				89F8CE551C79628F00011DD6 /* BlackjackCardUITests.xctest */,
			);
			name = Products;
			sourceTree = "<group>";
		};
		89F8CE381C79628F00011DD6 /* BlackjackCard */ = {
			isa = PBXGroup;
			children = (
				89F8CE391C79628F00011DD6 /* AppDelegate.swift */,
				89F8CE3B1C79628F00011DD6 /* ViewController.swift */,
				89F8CE3D1C79628F00011DD6 /* Main.storyboard */,
				89F8CE401C79628F00011DD6 /* Assets.xcassets */,
				89F8CE421C79628F00011DD6 /* LaunchScreen.storyboard */,
				89F8CE451C79628F00011DD6 /* Info.plist */,
			);
			path = BlackjackCard;
			sourceTree = "<group>";
		};
		89F8CE4D1C79628F00011DD6 /* BlackjackCardTests */ = {
			isa = PBXGroup;
			children = (
				89F8CE4E1C79628F00011DD6 /* BlackjackCardTests.swift */,
				89F8CE501C79628F00011DD6 /* Info.plist */,
			);
			path = BlackjackCardTests;
			sourceTree = "<group>";
		};
		89F8CE581C79628F00011DD6 /* BlackjackCardUITests */ = {
			isa = PBXGroup;
			children = (
				89F8CE591C79628F00011DD6 /* BlackjackCardUITests.swift */,
				89F8CE5B1C79628F00011DD6 /* Info.plist */,
			);
			path = BlackjackCardUITests;
			sourceTree = "<group>";
		};
/* End PBXGroup section */

/* Begin PBXNativeTarget section */
		89F8CE351C79628F00011DD6 /* BlackjackCard */ = {
			isa = PBXNativeTarget;
			buildConfigurationList = 89F8CE5E1C79628F00011DD6 /* Build configuration list for PBXNativeTarget "BlackjackCard" */;
			buildPhases = (
				89F8CE321C79628F00011DD6 /* Sources */,
				89F8CE331C79628F00011DD6 /* Frameworks */,
				89F8CE341C79628F00011DD6 /* Resources */,
			);
			buildRules = (
			);
			dependencies = (
			);
			name = BlackjackCard;
			productName = BlackjackCard;
			productReference = 89F8CE361C79628F00011DD6 /* BlackjackCard.app */;
			productType = "com.apple.product-type.application";
		};
		89F8CE491C79628F00011DD6 /* BlackjackCardTests */ = {
			isa = PBXNativeTarget;
			buildConfigurationList = 89F8CE611C79628F00011DD6 /* Build configuration list for PBXNativeTarget "BlackjackCardTests" */;
			buildPhases = (
				89F8CE461C79628F00011DD6 /* Sources */,
				89F8CE471C79628F00011DD6 /* Frameworks */,
				89F8CE481C79628F00011DD6 /* Resources */,
			);
			buildRules = (
			);
			dependencies = (
				89F8CE4C1C79628F00011DD6 /* PBXTargetDependency */,
			);
			name = BlackjackCardTests;
			productName = BlackjackCardTests;
			productReference = 89F8CE4A1C79628F00011DD6 /* BlackjackCardTests.xctest */;
			productType = "com.apple.product-type.bundle.unit-test";
		};
		89F8CE541C79628F00011DD6 /* BlackjackCardUITests */ = {
			isa = PBXNativeTarget;
			buildConfigurationList = 89F8CE641C79628F00011DD6 /* Build configuration list for PBXNativeTarget "BlackjackCardUITests" */;
			buildPhases = (
				89F8CE511C79628F00011DD6 /* Sources */,
				89F8CE521C79628F00011DD6 /* Frameworks */,
				89F8CE531C79628F00011DD6 /* Resources */,
			);
			buildRules = (
			);
			dependencies = (
				89F8CE571C79628F00011DD6 /* PBXTargetDependency */,
			);
			name = BlackjackCardUITests;
			productName = BlackjackCardUITests;
			productReference = 89F8CE551C79628F00011DD6 /* BlackjackCardUITests.xctest */;
			productType = "com.apple.product-type.bundle.ui-testing";
		};
/* End PBXNativeTarget section */

/* Begin PBXProject section */
		89F8CE2E1C79628F00011DD6 /* Project object */ = {
			isa = PBXProject;
			attributes = {
				LastSwiftUpdateCheck = 0720;
				LastUpgradeCheck = 0720;
				ORGANIZATIONNAME = lk23286;
				TargetAttributes = {
					89F8CE351C79628F00011DD6 = {
						CreatedOnToolsVersion = 7.2.1;
					};
					89F8CE491C79628F00011DD6 = {
						CreatedOnToolsVersion = 7.2.1;
						DevelopmentTeam = 4LR58F43S2;
						TestTargetID = 89F8CE351C79628F00011DD6;
					};
					89F8CE541C79628F00011DD6 = {
						CreatedOnToolsVersion = 7.2.1;
						DevelopmentTeam = 4LR58F43S2;
						TestTargetID = 89F8CE351C79628F00011DD6;
					};
				};
			};
			buildConfigurationList = 89F8CE311C79628F00011DD6 /* Build configuration list for PBXProject "BlackjackCard" */;
			compatibilityVersion = "Xcode 3.2";
			developmentRegion = English;
			hasScannedForEncodings = 0;
			knownRegions = (
				en,
				Base,
			);
			mainGroup = 89F8CE2D1C79628F00011DD6;
			productRefGroup = 89F8CE371C79628F00011DD6 /* Products */;
			projectDirPath = "";
			projectRoot = "";
			targets = (
				89F8CE351C79628F00011DD6 /* BlackjackCard */,
				89F8CE491C79628F00011DD6 /* BlackjackCardTests */,
				89F8CE541C79628F00011DD6 /* BlackjackCardUITests */,
			);
		};
/* End PBXProject section */

/* Begin PBXResourcesBuildPhase section */
		89F8CE341C79628F00011DD6 /* Resources */ = {
			isa = PBXResourcesBuildPhase;
			buildActionMask = 2147483647;
			files = (
				89F8CE441C79628F00011DD6 /* LaunchScreen.storyboard in Resources */,
				89F8CE411C79628F00011DD6 /* Assets.xcassets in Resources */,
				89F8CE3F1C79628F00011DD6 /* Main.storyboard in Resources */,
			);
			runOnlyForDeploymentPostprocessing = 0;
		};
		89F8CE481C79628F00011DD6 /* Resources */ = {
			isa = PBXResourcesBuildPhase;
			buildActionMask = 2147483647;
			files = (
			);
			runOnlyForDeploymentPostprocessing = 0;
		};
		89F8CE531C79628F00011DD6 /* Resources */ = {
			isa = PBXResourcesBuildPhase;
			buildActionMask = 2147483647;
			files = (
			);
			runOnlyForDeploymentPostprocessing = 0;
		};
/* End PBXResourcesBuildPhase section */

/* Begin PBXSourcesBuildPhase section */
		89F8CE321C79628F00011DD6 /* Sources */ = {
			isa = PBXSourcesBuildPhase;
			buildActionMask = 2147483647;
			files = (
				89F8CE3C1C79628F00011DD6 /* ViewController.swift in Sources */,
				89F8CE3A1C79628F00011DD6 /* AppDelegate.swift in Sources */,
			);
			runOnlyForDeploymentPostprocessing = 0;
		};
		89F8CE461C79628F00011DD6 /* Sources */ = {
			isa = PBXSourcesBuildPhase;
			buildActionMask = 2147483647;
			files = (
				89F8CE4F1C79628F00011DD6 /* BlackjackCardTests.swift in Sources */,
			);
			runOnlyForDeploymentPostprocessing = 0;
		};
		89F8CE511C79628F00011DD6 /* Sources */ = {
			isa = PBXSourcesBuildPhase;
			buildActionMask = 2147483647;
			files = (
				89F8CE5A1C79628F00011DD6 /* BlackjackCardUITests.swift in Sources */,
			);
			runOnlyForDeploymentPostprocessing = 0;
		};
/* End PBXSourcesBuildPhase section */

/* Begin PBXTargetDependency section */
		89F8CE4C1C79628F00011DD6 /* PBXTargetDependency */ = {
			isa = PBXTargetDependency;
			target = 89F8CE351C79628F00011DD6 /* BlackjackCard */;
			targetProxy = 89F8CE4B1C79628F00011DD6 /* PBXContainerItemProxy */;
		};
		89F8CE571C79628F00011DD6 /* PBXTargetDependency */ = {
			isa = PBXTargetDependency;
			target = 89F8CE351C79628F00011DD6 /* BlackjackCard */;
			targetProxy = 89F8CE561C79628F00011DD6 /* PBXContainerItemProxy */;
		};
/* End PBXTargetDependency section */

/* Begin PBXVariantGroup section */
		89F8CE3D1C79628F00011DD6 /* Main.storyboard */ = {
			isa = PBXVariantGroup;
			children = (
				89F8CE3E1C79628F00011DD6 /* Base */,
			);
			name = Main.storyboard;
			sourceTree = "<group>";
		};
		89F8CE421C79628F00011DD6 /* LaunchScreen.storyboard */ = {
			isa = PBXVariantGroup;
			children = (
				89F8CE431C79628F00011DD6 /* Base */,
			);
			name = LaunchScreen.storyboard;
			sourceTree = "<group>";
		};
/* End PBXVariantGroup section */

/* Begin XCBuildConfiguration section */
		89F8CE5C1C79628F00011DD6 /* Debug */ = {
			isa = XCBuildConfiguration;
			buildSettings = {
				ALWAYS_SEARCH_USER_PATHS = NO;
				CLANG_CXX_LANGUAGE_STANDARD = "gnu++0x";
				CLANG_CXX_LIBRARY = "libc++";
				CLANG_ENABLE_MODULES = YES;
				CLANG_ENABLE_OBJC_ARC = YES;
				CLANG_WARN_BOOL_CONVERSION = YES;
				CLANG_WARN_CONSTANT_CONVERSION = YES;
				CLANG_WARN_DIRECT_OBJC_ISA_USAGE = YES_ERROR;
				CLANG_WARN_EMPTY_BODY = YES;
				CLANG_WARN_ENUM_CONVERSION = YES;
				CLANG_WARN_INT_CONVERSION = YES;
				CLANG_WARN_OBJC_ROOT_CLASS = YES_ERROR;
				CLANG_WARN_UNREACHABLE_CODE = YES;
				CLANG_WARN__DUPLICATE_METHOD_MATCH = YES;
				"CODE_SIGN_IDENTITY[sdk=iphoneos*]" = "iPhone Developer";
				COPY_PHASE_STRIP = NO;
				DEBUG_INFORMATION_FORMAT = dwarf;
				ENABLE_STRICT_OBJC_MSGSEND = YES;
				ENABLE_TESTABILITY = YES;
				GCC_C_LANGUAGE_STANDARD = gnu99;
				GCC_DYNAMIC_NO_PIC = NO;
				GCC_NO_COMMON_BLOCKS = YES;
				GCC_OPTIMIZATION_LEVEL = 0;
				GCC_PREPROCESSOR_DEFINITIONS = (
					"DEBUG=1",
					"$(inherited)",
				);
				GCC_WARN_64_TO_32_BIT_CONVERSION = YES;
				GCC_WARN_ABOUT_RETURN_TYPE = YES_ERROR;
				GCC_WARN_UNDECLARED_SELECTOR = YES;
				GCC_WARN_UNINITIALIZED_AUTOS = YES_AGGRESSIVE;
				GCC_WARN_UNUSED_FUNCTION = YES;
				GCC_WARN_UNUSED_VARIABLE = YES;
				IPHONEOS_DEPLOYMENT_TARGET = 9.2;
				MTL_ENABLE_DEBUG_INFO = YES;
				ONLY_ACTIVE_ARCH = YES;
				SDKROOT = iphoneos;
				SWIFT_OPTIMIZATION_LEVEL = "-Onone";
			};
			name = Debug;
		};
		89F8CE5D1C79628F00011DD6 /* Release */ = {
			isa = XCBuildConfiguration;
			buildSettings = {
				ALWAYS_SEARCH_USER_PATHS = NO;
				CLANG_CXX_LANGUAGE_STANDARD = "gnu++0x";
				CLANG_CXX_LIBRARY = "libc++";
				CLANG_ENABLE_MODULES = YES;
				CLANG_ENABLE_OBJC_ARC = YES;
				CLANG_WARN_BOOL_CONVERSION = YES;
				CLANG_WARN_CONSTANT_CONVERSION = YES;
				CLANG_WARN_DIRECT_OBJC_ISA_USAGE = YES_ERROR;
				CLANG_WARN_EMPTY_BODY = YES;
				CLANG_WARN_ENUM_CONVERSION = YES;
				CLANG_WARN_INT_CONVERSION = YES;
				CLANG_WARN_OBJC_ROOT_CLASS = YES_ERROR;
				CLANG_WARN_UNREACHABLE_CODE = YES;
				CLANG_WARN__DUPLICATE_METHOD_MATCH = YES;
				"CODE_SIGN_IDENTITY[sdk=iphoneos*]" = "iPhone Developer";
				COPY_PHASE_STRIP = NO;
				DEBUG_INFORMATION_FORMAT = "dwarf-with-dsym";
				ENABLE_NS_ASSERTIONS = NO;
				ENABLE_STRICT_OBJC_MSGSEND = YES;
				GCC_C_LANGUAGE_STANDARD = gnu99;
				GCC_NO_COMMON_BLOCKS = YES;
				GCC_WARN_64_TO_32_BIT_CONVERSION = YES;
				GCC_WARN_ABOUT_RETURN_TYPE = YES_ERROR;
				GCC_WARN_UNDECLARED_SELECTOR = YES;
				GCC_WARN_UNINITIALIZED_AUTOS = YES_AGGRESSIVE;
				GCC_WARN_UNUSED_FUNCTION = YES;
				GCC_WARN_UNUSED_VARIABLE = YES;
				IPHONEOS_DEPLOYMENT_TARGET = 9.2;
				MTL_ENABLE_DEBUG_INFO = NO;
				SDKROOT = iphoneos;
				VALIDATE_PRODUCT = YES;
			};
			name = Release;
		};
		89F8CE5F1C79628F00011DD6 /* Debug */ = {
			isa = XCBuildConfiguration;
			buildSettings = {
				ASSETCATALOG_COMPILER_APPICON_NAME = AppIcon;
				CODE_SIGN_IDENTITY = "iPhone Developer";
				INFOPLIST_FILE = BlackjackCard/Info.plist;
				LD_RUNPATH_SEARCH_PATHS = "$(inherited) @executable_path/Frameworks";
				PRODUCT_BUNDLE_IDENTIFIER = LGL.BlackjackCard;
				PRODUCT_NAME = "$(TARGET_NAME)";
			};
			name = Debug;
		};
		89F8CE601C79628F00011DD6 /* Release */ = {
			isa = XCBuildConfiguration;
			buildSettings = {
				ASSETCATALOG_COMPILER_APPICON_NAME = AppIcon;
				CODE_SIGN_IDENTITY = "iPhone Developer";
				INFOPLIST_FILE = BlackjackCard/Info.plist;
				LD_RUNPATH_SEARCH_PATHS = "$(inherited) @executable_path/Frameworks";
				PRODUCT_BUNDLE_IDENTIFIER = LGL.BlackjackCard;
				PRODUCT_NAME = "$(TARGET_NAME)";
			};
			name = Release;
		};
		89F8CE621C79628F00011DD6 /* Debug */ = {
			isa = XCBuildConfiguration;
			buildSettings = {
				BUNDLE_LOADER = "$(TEST_HOST)";
				INFOPLIST_FILE = BlackjackCardTests/Info.plist;
				LD_RUNPATH_SEARCH_PATHS = "$(inherited) @executable_path/Frameworks @loader_path/Frameworks";
				PRODUCT_BUNDLE_IDENTIFIER = LGL.BlackjackCardTests;
				PRODUCT_NAME = "$(TARGET_NAME)";
				TEST_HOST = "$(BUILT_PRODUCTS_DIR)/BlackjackCard.app/BlackjackCard";
			};
			name = Debug;
		};
		89F8CE631C79628F00011DD6 /* Release */ = {
			isa = XCBuildConfiguration;
			buildSettings = {
				BUNDLE_LOADER = "$(TEST_HOST)";
				INFOPLIST_FILE = BlackjackCardTests/Info.plist;
				LD_RUNPATH_SEARCH_PATHS = "$(inherited) @executable_path/Frameworks @loader_path/Frameworks";
				PRODUCT_BUNDLE_IDENTIFIER = LGL.BlackjackCardTests;
				PRODUCT_NAME = "$(TARGET_NAME)";
				TEST_HOST = "$(BUILT_PRODUCTS_DIR)/BlackjackCard.app/BlackjackCard";
			};
			name = Release;
		};
		89F8CE651C79628F00011DD6 /* Debug */ = {
			isa = XCBuildConfiguration;
			buildSettings = {
				INFOPLIST_FILE = BlackjackCardUITests/Info.plist;
				LD_RUNPATH_SEARCH_PATHS = "$(inherited) @executable_path/Frameworks @loader_path/Frameworks";
				PRODUCT_BUNDLE_IDENTIFIER = LGL.BlackjackCardUITests;
				PRODUCT_NAME = "$(TARGET_NAME)";
				TEST_TARGET_NAME = BlackjackCard;
				USES_XCTRUNNER = YES;
			};
			name = Debug;
		};
		89F8CE661C79628F00011DD6 /* Release */ = {
			isa = XCBuildConfiguration;
			buildSettings = {
				INFOPLIST_FILE = BlackjackCardUITests/Info.plist;
				LD_RUNPATH_SEARCH_PATHS = "$(inherited) @executable_path/Frameworks @loader_path/Frameworks";
				PRODUCT_BUNDLE_IDENTIFIER = LGL.BlackjackCardUITests;
				PRODUCT_NAME = "$(TARGET_NAME)";
				TEST_TARGET_NAME = BlackjackCard;
				USES_XCTRUNNER = YES;
			};
			name = Release;
		};
/* End XCBuildConfiguration section */

/* Begin XCConfigurationList section */
		89F8CE311C79628F00011DD6 /* Build configuration list for PBXProject "BlackjackCard" */ = {
			isa = XCConfigurationList;
			buildConfigurations = (
				89F8CE5C1C79628F00011DD6 /* Debug */,
				89F8CE5D1C79628F00011DD6 /* Release */,
			);
			defaultConfigurationIsVisible = 0;
			defaultConfigurationName = Release;
		};
		89F8CE5E1C79628F00011DD6 /* Build configuration list for PBXNativeTarget "BlackjackCard" */ = {
			isa = XCConfigurationList;
			buildConfigurations = (
				89F8CE5F1C79628F00011DD6 /* Debug */,
				89F8CE601C79628F00011DD6 /* Release */,
			);
			defaultConfigurationIsVisible = 0;
		};
		89F8CE611C79628F00011DD6 /* Build configuration list for PBXNativeTarget "BlackjackCardTests" */ = {
			isa = XCConfigurationList;
			buildConfigurations = (
				89F8CE621C79628F00011DD6 /* Debug */,
				89F8CE631C79628F00011DD6 /* Release */,
			);
			defaultConfigurationIsVisible = 0;
		};
		89F8CE641C79628F00011DD6 /* Build configuration list for PBXNativeTarget "BlackjackCardUITests" */ = {
			isa = XCConfigurationList;
			buildConfigurations = (
				89F8CE651C79628F00011DD6 /* Debug */,
				89F8CE661C79628F00011DD6 /* Release */,
			);
			defaultConfigurationIsVisible = 0;
		};
/* End XCConfigurationList section */
	};
	rootObject = 89F8CE2E1C79628F00011DD6 /* Project object */;
}
